// !$*UTF8*$!
{
	archiveVersion = 1;
	classes = {
	};
	objectVersion = 63;
	objects = {

/* Begin PBXBuildFile section */
		0BFB311F74D45F38D6CFB9CB /* AppState.swift in Sources */ = {isa = PBXBuildFile; fileRef = 5A2DF07FCD1FC8666D3DF7DF /* AppState.swift */; };
		18A20232963B45FC2C33A84F /* FirebaseAuth in Frameworks */ = {isa = PBXBuildFile; productRef = 4D67605F6DAD5AD8C7949397 /* FirebaseAuth */; };
		31186B0476A42ACCEE8A90AA /* UserService.swift in Sources */ = {isa = PBXBuildFile; fileRef = 1DCC88BF27CEC48AA2D10A96 /* UserService.swift */; };
		381D953F7B10D92527D80DB7 /* User.swift in Sources */ = {isa = PBXBuildFile; fileRef = 02033E1152CB0D86C11C4694 /* User.swift */; };
		52BFC7444BC4631BEED7686B /* YouView.swift in Sources */ = {isa = PBXBuildFile; fileRef = 2D1226045A0B4C5D64889718 /* YouView.swift */; };
		5862313F8DBB422507E290C6 /* InyonApp.swift in Sources */ = {isa = PBXBuildFile; fileRef = 4BA5C6029AFDEFB8ABAA84DA /* InyonApp.swift */; };
		6771EBDBB03E95B70F214D95 /* settings.local.json in Resources */ = {isa = PBXBuildFile; fileRef = 8C019A3F1945EA7BC4B35D44 /* settings.local.json */; };
		68DA9571BE1DF128AFF9DE35 /* Inyon.xcodeproj in Resources */ = {isa = PBXBuildFile; fileRef = 84229A127D912EDB3EF10E80 /* Inyon.xcodeproj */; };
		6D33CB1C9A7E1C947C51EBF3 /* ContentView.swift in Sources */ = {isa = PBXBuildFile; fileRef = DEC4632DD693B1291BAA1FBE /* ContentView.swift */; };
		85ADBAA506EB4419A369E13E /* GuideComponents.swift in Sources */ = {isa = PBXBuildFile; fileRef = 6DB96CBA1C1BE4072E3AA2AC /* GuideComponents.swift */; };
		86DC9EEE2890D555F1872492 /* HomeView.swift in Sources */ = {isa = PBXBuildFile; fileRef = 1DDE2616856A9C16AFE06F08 /* HomeView.swift */; };
		91C1CA34D873C093AF9E0E27 /* SignupFlowView.swift in Sources */ = {isa = PBXBuildFile; fileRef = D1F737B2CE66B6F7CD4C9805 /* SignupFlowView.swift */; };
		9D70227C6010885126F94D47 /* GoogleService-Info.plist in Resources */ = {isa = PBXBuildFile; fileRef = 3EAF1C3CCE3764843F3C1894 /* GoogleService-Info.plist */; };
		9D8029507479A845C92F1639 /* Theme.swift in Sources */ = {isa = PBXBuildFile; fileRef = ECEC983BA3C91520977BD07C /* Theme.swift */; };
		C90BA042872923D1228CA513 /* GuideContent.swift in Sources */ = {isa = PBXBuildFile; fileRef = B7FC7BB39BEC7C26FA74F788 /* GuideContent.swift */; };
		CC4C9D02F715FE5A1AAF7125 /* AuthService.swift in Sources */ = {isa = PBXBuildFile; fileRef = 96782318C050A3ADD573D9F2 /* AuthService.swift */; };
		FA52B53D47E948A0DF846F34 /* GuideView.swift in Sources */ = {isa = PBXBuildFile; fileRef = B2CE80129396A00FC3FD8A9C /* GuideView.swift */; };
		FA60D68CA522B47449A52286 /* FirebaseFirestore in Frameworks */ = {isa = PBXBuildFile; productRef = BD8A7AA986B81866AE9A92CC /* FirebaseFirestore */; };
/* End PBXBuildFile section */

/* Begin PBXFileReference section */
		02033E1152CB0D86C11C4694 /* User.swift */ = {isa = PBXFileReference; lastKnownFileType = sourcecode.swift; path = User.swift; sourceTree = "<group>"; };
		1DCC88BF27CEC48AA2D10A96 /* UserService.swift */ = {isa = PBXFileReference; lastKnownFileType = sourcecode.swift; path = UserService.swift; sourceTree = "<group>"; };
		1DDE2616856A9C16AFE06F08 /* HomeView.swift */ = {isa = PBXFileReference; lastKnownFileType = sourcecode.swift; path = HomeView.swift; sourceTree = "<group>"; };
		2A257A4E3B2835355E89FAAF /* Inyon.app */ = {isa = PBXFileReference; includeInIndex = 0; lastKnownFileType = wrapper.application; path = Inyon.app; sourceTree = BUILT_PRODUCTS_DIR; };
		2D1226045A0B4C5D64889718 /* YouView.swift */ = {isa = PBXFileReference; lastKnownFileType = sourcecode.swift; path = YouView.swift; sourceTree = "<group>"; };
		3EAF1C3CCE3764843F3C1894 /* GoogleService-Info.plist */ = {isa = PBXFileReference; lastKnownFileType = text.plist; path = "GoogleService-Info.plist"; sourceTree = "<group>"; };
		4BA5C6029AFDEFB8ABAA84DA /* InyonApp.swift */ = {isa = PBXFileReference; lastKnownFileType = sourcecode.swift; path = InyonApp.swift; sourceTree = "<group>"; };
		5A2DF07FCD1FC8666D3DF7DF /* AppState.swift */ = {isa = PBXFileReference; lastKnownFileType = sourcecode.swift; path = AppState.swift; sourceTree = "<group>"; };
		6DB96CBA1C1BE4072E3AA2AC /* GuideComponents.swift */ = {isa = PBXFileReference; lastKnownFileType = sourcecode.swift; path = GuideComponents.swift; sourceTree = "<group>"; };
		80848B29DAD76A58FEFD777C /* .gitignore */ = {isa = PBXFileReference; lastKnownFileType = text; path = .gitignore; sourceTree = "<group>"; };
		84229A127D912EDB3EF10E80 /* Inyon.xcodeproj */ = {isa = PBXFileReference; lastKnownFileType = "wrapper.pb-project"; path = Inyon.xcodeproj; sourceTree = "<group>"; };
		8C019A3F1945EA7BC4B35D44 /* settings.local.json */ = {isa = PBXFileReference; lastKnownFileType = text.json; path = settings.local.json; sourceTree = "<group>"; };
		96782318C050A3ADD573D9F2 /* AuthService.swift */ = {isa = PBXFileReference; lastKnownFileType = sourcecode.swift; path = AuthService.swift; sourceTree = "<group>"; };
		B2CE80129396A00FC3FD8A9C /* GuideView.swift */ = {isa = PBXFileReference; lastKnownFileType = sourcecode.swift; path = GuideView.swift; sourceTree = "<group>"; };
		B7FC7BB39BEC7C26FA74F788 /* GuideContent.swift */ = {isa = PBXFileReference; lastKnownFileType = sourcecode.swift; path = GuideContent.swift; sourceTree = "<group>"; };
		D1F737B2CE66B6F7CD4C9805 /* SignupFlowView.swift */ = {isa = PBXFileReference; lastKnownFileType = sourcecode.swift; path = SignupFlowView.swift; sourceTree = "<group>"; };
		DEC4632DD693B1291BAA1FBE /* ContentView.swift */ = {isa = PBXFileReference; lastKnownFileType = sourcecode.swift; path = ContentView.swift; sourceTree = "<group>"; };
		ECEC983BA3C91520977BD07C /* Theme.swift */ = {isa = PBXFileReference; lastKnownFileType = sourcecode.swift; path = Theme.swift; sourceTree = "<group>"; };
/* End PBXFileReference section */

/* Begin PBXFrameworksBuildPhase section */
		F7BAD507F5646DE62E45A755 /* Frameworks */ = {
			isa = PBXFrameworksBuildPhase;
			buildActionMask = 2147483647;
			files = (
				18A20232963B45FC2C33A84F /* FirebaseAuth in Frameworks */,
				FA60D68CA522B47449A52286 /* FirebaseFirestore in Frameworks */,
			);
			runOnlyForDeploymentPostprocessing = 0;
		};
/* End PBXFrameworksBuildPhase section */

/* Begin PBXGroup section */
		18CE5C7005EFCF39F0867A2A /* .claude */ = {
			isa = PBXGroup;
			children = (
				8C019A3F1945EA7BC4B35D44 /* settings.local.json */,
			);
			path = .claude;
			sourceTree = "<group>";
		};
		32DE4E5C0262C0B5FCE08BB5 = {
			isa = PBXGroup;
			children = (
				18CE5C7005EFCF39F0867A2A /* .claude */,
				A3973E33E465BB614C9B4BA1 /* Inyon */,
				F238D42994EA3FB81A4C225D /* Products */,
			);
			sourceTree = "<group>";
		};
		A3973E33E465BB614C9B4BA1 /* Inyon */ = {
			isa = PBXGroup;
			children = (
				80848B29DAD76A58FEFD777C /* .gitignore */,
				5A2DF07FCD1FC8666D3DF7DF /* AppState.swift */,
				96782318C050A3ADD573D9F2 /* AuthService.swift */,
				DEC4632DD693B1291BAA1FBE /* ContentView.swift */,
				3EAF1C3CCE3764843F3C1894 /* GoogleService-Info.plist */,
				6DB96CBA1C1BE4072E3AA2AC /* GuideComponents.swift */,
				B7FC7BB39BEC7C26FA74F788 /* GuideContent.swift */,
				B2CE80129396A00FC3FD8A9C /* GuideView.swift */,
				1DDE2616856A9C16AFE06F08 /* HomeView.swift */,
				84229A127D912EDB3EF10E80 /* Inyon.xcodeproj */,
				4BA5C6029AFDEFB8ABAA84DA /* InyonApp.swift */,
				D1F737B2CE66B6F7CD4C9805 /* SignupFlowView.swift */,
				ECEC983BA3C91520977BD07C /* Theme.swift */,
				02033E1152CB0D86C11C4694 /* User.swift */,
				1DCC88BF27CEC48AA2D10A96 /* UserService.swift */,
				2D1226045A0B4C5D64889718 /* YouView.swift */,
			);
			name = Inyon;
			path = .;
			sourceTree = "<group>";
		};
		E39DE18B2F3AEAF400E83160 /* Products */ = {
			isa = PBXGroup;
			name = Products;
			sourceTree = "<group>";
		};
		F238D42994EA3FB81A4C225D /* Products */ = {
			isa = PBXGroup;
			children = (
				2A257A4E3B2835355E89FAAF /* Inyon.app */,
			);
			name = Products;
			sourceTree = "<group>";
		};
/* End PBXGroup section */

/* Begin PBXNativeTarget section */
		15D00086A5FB822A2977E121 /* Inyon */ = {
			isa = PBXNativeTarget;
			buildConfigurationList = 2FE7637DCA0C7D4920E837B1 /* Build configuration list for PBXNativeTarget "Inyon" */;
			buildPhases = (
				AC8E3955A7EC05FC2E069B5B /* Sources */,
				4B30D94F18E64EDF468B2A08 /* Resources */,
				F7BAD507F5646DE62E45A755 /* Frameworks */,
			);
			buildRules = (
			);
			dependencies = (
			);
			name = Inyon;
			packageProductDependencies = (
				4D67605F6DAD5AD8C7949397 /* FirebaseAuth */,
				BD8A7AA986B81866AE9A92CC /* FirebaseFirestore */,
			);
			productName = Inyon;
			productReference = 2A257A4E3B2835355E89FAAF /* Inyon.app */;
			productType = "com.apple.product-type.application";
		};
/* End PBXNativeTarget section */

/* Begin PBXProject section */
		A36EF142260588C4B3ADCF34 /* Project object */ = {
			isa = PBXProject;
			attributes = {
				BuildIndependentTargetsInParallel = YES;
				LastUpgradeCheck = 1500;
			};
			buildConfigurationList = 522627100C94D2A73D630D98 /* Build configuration list for PBXProject "Inyon" */;
			compatibilityVersion = "Xcode 14.0";
			developmentRegion = en;
			hasScannedForEncodings = 0;
			knownRegions = (
				Base,
				en,
			);
			mainGroup = 32DE4E5C0262C0B5FCE08BB5;
			minimizedProjectReferenceProxies = 1;
			packageReferences = (
				D568EF165C4CDC45BB833261 /* XCRemoteSwiftPackageReference "firebase-ios-sdk" */,
			);
			projectDirPath = "";
			projectReferences = (
				{
					ProductGroup = E39DE18B2F3AEAF400E83160 /* Products */;
					ProjectRef = 84229A127D912EDB3EF10E80 /* Inyon.xcodeproj */;
				},
			);
			projectRoot = "";
			targets = (
				15D00086A5FB822A2977E121 /* Inyon */,
			);
		};
/* End PBXProject section */

/* Begin PBXResourcesBuildPhase section */
		4B30D94F18E64EDF468B2A08 /* Resources */ = {
			isa = PBXResourcesBuildPhase;
			buildActionMask = 2147483647;
			files = (
				9D70227C6010885126F94D47 /* GoogleService-Info.plist in Resources */,
				68DA9571BE1DF128AFF9DE35 /* Inyon.xcodeproj in Resources */,
				6771EBDBB03E95B70F214D95 /* settings.local.json in Resources */,
			);
			runOnlyForDeploymentPostprocessing = 0;
		};
/* End PBXResourcesBuildPhase section */

/* Begin PBXSourcesBuildPhase section */
		AC8E3955A7EC05FC2E069B5B /* Sources */ = {
			isa = PBXSourcesBuildPhase;
			buildActionMask = 2147483647;
			files = (
				0BFB311F74D45F38D6CFB9CB /* AppState.swift in Sources */,
				CC4C9D02F715FE5A1AAF7125 /* AuthService.swift in Sources */,
				6D33CB1C9A7E1C947C51EBF3 /* ContentView.swift in Sources */,
				85ADBAA506EB4419A369E13E /* GuideComponents.swift in Sources */,
				C90BA042872923D1228CA513 /* GuideContent.swift in Sources */,
				FA52B53D47E948A0DF846F34 /* GuideView.swift in Sources */,
				86DC9EEE2890D555F1872492 /* HomeView.swift in Sources */,
				5862313F8DBB422507E290C6 /* InyonApp.swift in Sources */,
				91C1CA34D873C093AF9E0E27 /* SignupFlowView.swift in Sources */,
				9D8029507479A845C92F1639 /* Theme.swift in Sources */,
				381D953F7B10D92527D80DB7 /* User.swift in Sources */,
				31186B0476A42ACCEE8A90AA /* UserService.swift in Sources */,
				52BFC7444BC4631BEED7686B /* YouView.swift in Sources */,
			);
			runOnlyForDeploymentPostprocessing = 0;
		};
/* End PBXSourcesBuildPhase section */

/* Begin XCBuildConfiguration section */
		B2068D837AF0025CBB400C74 /* Debug */ = {
			isa = XCBuildConfiguration;
			buildSettings = {
				ALWAYS_SEARCH_USER_PATHS = NO;
				CLANG_ANALYZER_NONNULL = YES;
				CLANG_ANALYZER_NUMBER_OBJECT_CONVERSION = YES_AGGRESSIVE;
				CLANG_CXX_LANGUAGE_STANDARD = "gnu++14";
				CLANG_CXX_LIBRARY = "libc++";
				CLANG_ENABLE_MODULES = YES;
				CLANG_ENABLE_OBJC_ARC = YES;
				CLANG_ENABLE_OBJC_WEAK = YES;
				CLANG_WARN_BLOCK_CAPTURE_AUTORELEASING = YES;
				CLANG_WARN_BOOL_CONVERSION = YES;
				CLANG_WARN_COMMA = YES;
				CLANG_WARN_CONSTANT_CONVERSION = YES;
				CLANG_WARN_DEPRECATED_OBJC_IMPLEMENTATIONS = YES;
				CLANG_WARN_DIRECT_OBJC_ISA_USAGE = YES_ERROR;
				CLANG_WARN_DOCUMENTATION_COMMENTS = YES;
				CLANG_WARN_EMPTY_BODY = YES;
				CLANG_WARN_ENUM_CONVERSION = YES;
				CLANG_WARN_INFINITE_RECURSION = YES;
				CLANG_WARN_INT_CONVERSION = YES;
				CLANG_WARN_NON_LITERAL_NULL_CONVERSION = YES;
				CLANG_WARN_OBJC_IMPLICIT_RETAIN_SELF = YES;
				CLANG_WARN_OBJC_LITERAL_CONVERSION = YES;
				CLANG_WARN_OBJC_ROOT_CLASS = YES_ERROR;
				CLANG_WARN_QUOTED_INCLUDE_IN_FRAMEWORK_HEADER = YES;
				CLANG_WARN_RANGE_LOOP_ANALYSIS = YES;
				CLANG_WARN_STRICT_PROTOTYPES = YES;
				CLANG_WARN_SUSPICIOUS_MOVE = YES;
				CLANG_WARN_UNGUARDED_AVAILABILITY = YES_AGGRESSIVE;
				CLANG_WARN_UNREACHABLE_CODE = YES;
				CLANG_WARN__DUPLICATE_METHOD_MATCH = YES;
				COPY_PHASE_STRIP = NO;
				DEBUG_INFORMATION_FORMAT = dwarf;
				ENABLE_STRICT_OBJC_MSGSEND = YES;
				ENABLE_TESTABILITY = YES;
				GCC_C_LANGUAGE_STANDARD = gnu11;
				GCC_DYNAMIC_NO_PIC = NO;
				GCC_NO_COMMON_BLOCKS = YES;
				GCC_OPTIMIZATION_LEVEL = 0;
				GCC_PREPROCESSOR_DEFINITIONS = (
					"$(inherited)",
					"DEBUG=1",
				);
				GCC_WARN_64_TO_32_BIT_CONVERSION = YES;
				GCC_WARN_ABOUT_RETURN_TYPE = YES_ERROR;
				GCC_WARN_UNDECLARED_SELECTOR = YES;
				GCC_WARN_UNINITIALIZED_AUTOS = YES_AGGRESSIVE;
				GCC_WARN_UNUSED_FUNCTION = YES;
				GCC_WARN_UNUSED_VARIABLE = YES;
				IPHONEOS_DEPLOYMENT_TARGET = 17.0;
				MTL_ENABLE_DEBUG_INFO = INCLUDE_SOURCE;
				MTL_FAST_MATH = YES;
				ONLY_ACTIVE_ARCH = YES;
				PRODUCT_NAME = "$(TARGET_NAME)";
				SDKROOT = iphoneos;
				SWIFT_ACTIVE_COMPILATION_CONDITIONS = DEBUG;
				SWIFT_OPTIMIZATION_LEVEL = "-Onone";
				SWIFT_VERSION = 5.0;
			};
			name = Debug;
		};
		B72841A3089B0E6670B2C3AC /* Debug */ = {
			isa = XCBuildConfiguration;
			buildSettings = {
				ASSETCATALOG_COMPILER_APPICON_NAME = AppIcon;
				CODE_SIGN_IDENTITY = "iPhone Developer";
				CURRENT_PROJECT_VERSION = 1;
				GENERATE_INFOPLIST_FILE = YES;
				INFOPLIST_GENERATION_MODE = GeneratedFile;
				INFOPLIST_KEY_UIApplicationSceneManifest_Generation = YES;
				INFOPLIST_KEY_UIApplicationSupportsIndirectInputEvents = YES;
				INFOPLIST_KEY_UILaunchScreen_Generation = YES;
				INFOPLIST_KEY_UISupportedInterfaceOrientations_iPhone = UIInterfaceOrientationPortrait;
				LD_RUNPATH_SEARCH_PATHS = (
					"$(inherited)",
					"@executable_path/Frameworks",
				);
				MARKETING_VERSION = 1.0;
				PRODUCT_BUNDLE_IDENTIFIER = com.inyon.app;
				SDKROOT = iphoneos;
				SWIFT_EMIT_LOC_STRINGS = YES;
				TARGETED_DEVICE_FAMILY = "1,2";
			};
			name = Debug;
		};
		C3B9AE64555ED1791950D870 /* Release */ = {
			isa = XCBuildConfiguration;
			buildSettings = {
				ALWAYS_SEARCH_USER_PATHS = NO;
				CLANG_ANALYZER_NONNULL = YES;
				CLANG_ANALYZER_NUMBER_OBJECT_CONVERSION = YES_AGGRESSIVE;
				CLANG_CXX_LANGUAGE_STANDARD = "gnu++14";
				CLANG_CXX_LIBRARY = "libc++";
				CLANG_ENABLE_MODULES = YES;
				CLANG_ENABLE_OBJC_ARC = YES;
				CLANG_ENABLE_OBJC_WEAK = YES;
				CLANG_WARN_BLOCK_CAPTURE_AUTORELEASING = YES;
				CLANG_WARN_BOOL_CONVERSION = YES;
				CLANG_WARN_COMMA = YES;
				CLANG_WARN_CONSTANT_CONVERSION = YES;
				CLANG_WARN_DEPRECATED_OBJC_IMPLEMENTATIONS = YES;
				CLANG_WARN_DIRECT_OBJC_ISA_USAGE = YES_ERROR;
				CLANG_WARN_DOCUMENTATION_COMMENTS = YES;
				CLANG_WARN_EMPTY_BODY = YES;
				CLANG_WARN_ENUM_CONVERSION = YES;
				CLANG_WARN_INFINITE_RECURSION = YES;
				CLANG_WARN_INT_CONVERSION = YES;
				CLANG_WARN_NON_LITERAL_NULL_CONVERSION = YES;
				CLANG_WARN_OBJC_IMPLICIT_RETAIN_SELF = YES;
				CLANG_WARN_OBJC_LITERAL_CONVERSION = YES;
				CLANG_WARN_OBJC_ROOT_CLASS = YES_ERROR;
				CLANG_WARN_QUOTED_INCLUDE_IN_FRAMEWORK_HEADER = YES;
				CLANG_WARN_RANGE_LOOP_ANALYSIS = YES;
				CLANG_WARN_STRICT_PROTOTYPES = YES;
				CLANG_WARN_SUSPICIOUS_MOVE = YES;
				CLANG_WARN_UNGUARDED_AVAILABILITY = YES_AGGRESSIVE;
				CLANG_WARN_UNREACHABLE_CODE = YES;
				CLANG_WARN__DUPLICATE_METHOD_MATCH = YES;
				COPY_PHASE_STRIP = NO;
				DEBUG_INFORMATION_FORMAT = "dwarf-with-dsym";
				ENABLE_NS_ASSERTIONS = NO;
				ENABLE_STRICT_OBJC_MSGSEND = YES;
				GCC_C_LANGUAGE_STANDARD = gnu11;
				GCC_NO_COMMON_BLOCKS = YES;
				GCC_WARN_64_TO_32_BIT_CONVERSION = YES;
				GCC_WARN_ABOUT_RETURN_TYPE = YES_ERROR;
				GCC_WARN_UNDECLARED_SELECTOR = YES;
				GCC_WARN_UNINITIALIZED_AUTOS = YES_AGGRESSIVE;
				GCC_WARN_UNUSED_FUNCTION = YES;
				GCC_WARN_UNUSED_VARIABLE = YES;
				IPHONEOS_DEPLOYMENT_TARGET = 17.0;
				MTL_ENABLE_DEBUG_INFO = NO;
				MTL_FAST_MATH = YES;
				PRODUCT_NAME = "$(TARGET_NAME)";
				SDKROOT = iphoneos;
				SWIFT_COMPILATION_MODE = wholemodule;
				SWIFT_OPTIMIZATION_LEVEL = "-O";
				SWIFT_VERSION = 5.0;
			};
			name = Release;
		};
		E4202A1E1C03A6F82D190FCD /* Release */ = {
			isa = XCBuildConfiguration;
			buildSettings = {
				ASSETCATALOG_COMPILER_APPICON_NAME = AppIcon;
				CODE_SIGN_IDENTITY = "iPhone Developer";
				CURRENT_PROJECT_VERSION = 1;
				GENERATE_INFOPLIST_FILE = YES;
				INFOPLIST_GENERATION_MODE = GeneratedFile;
				INFOPLIST_KEY_UIApplicationSceneManifest_Generation = YES;
				INFOPLIST_KEY_UIApplicationSupportsIndirectInputEvents = YES;
				INFOPLIST_KEY_UILaunchScreen_Generation = YES;
				INFOPLIST_KEY_UISupportedInterfaceOrientations_iPhone = UIInterfaceOrientationPortrait;
				LD_RUNPATH_SEARCH_PATHS = (
					"$(inherited)",
					"@executable_path/Frameworks",
				);
				MARKETING_VERSION = 1.0;
				PRODUCT_BUNDLE_IDENTIFIER = com.inyon.app;
				SDKROOT = iphoneos;
				SWIFT_EMIT_LOC_STRINGS = YES;
				TARGETED_DEVICE_FAMILY = "1,2";
			};
			name = Release;
		};
/* End XCBuildConfiguration section */

/* Begin XCConfigurationList section */
		2FE7637DCA0C7D4920E837B1 /* Build configuration list for PBXNativeTarget "Inyon" */ = {
			isa = XCConfigurationList;
			buildConfigurations = (
				B72841A3089B0E6670B2C3AC /* Debug */,
				E4202A1E1C03A6F82D190FCD /* Release */,
			);
			defaultConfigurationIsVisible = 0;
			defaultConfigurationName = Debug;
		};
		522627100C94D2A73D630D98 /* Build configuration list for PBXProject "Inyon" */ = {
			isa = XCConfigurationList;
			buildConfigurations = (
				B2068D837AF0025CBB400C74 /* Debug */,
				C3B9AE64555ED1791950D870 /* Release */,
			);
			defaultConfigurationIsVisible = 0;
			defaultConfigurationName = Debug;
		};
/* End XCConfigurationList section */

/* Begin XCRemoteSwiftPackageReference section */
		D568EF165C4CDC45BB833261 /* XCRemoteSwiftPackageReference "firebase-ios-sdk" */ = {
			isa = XCRemoteSwiftPackageReference;
			repositoryURL = "https://github.com/firebase/firebase-ios-sdk";
			requirement = {
				kind = exactVersion;
				version = 11.0.0;
			};
		};
/* End XCRemoteSwiftPackageReference section */

/* Begin XCSwiftPackageProductDependency section */
		4D67605F6DAD5AD8C7949397 /* FirebaseAuth */ = {
			isa = XCSwiftPackageProductDependency;
			package = D568EF165C4CDC45BB833261 /* XCRemoteSwiftPackageReference "firebase-ios-sdk" */;
			productName = FirebaseAuth;
		};
		BD8A7AA986B81866AE9A92CC /* FirebaseFirestore */ = {
			isa = XCSwiftPackageProductDependency;
			package = D568EF165C4CDC45BB833261 /* XCRemoteSwiftPackageReference "firebase-ios-sdk" */;
			productName = FirebaseFirestore;
		};
/* End XCSwiftPackageProductDependency section */
	};
	rootObject = A36EF142260588C4B3ADCF34 /* Project object */;
}
